dependencies:
- name: vm-bundle
  repository: ""
  version: 0.1.0
- name: k8s-bundle
  repository: ""
  version: 0.1.0
- name: telegram-bundle
  repository: ""
  version: 0.1.0
digest: sha256:70fc8d02a9fc988a77b3a7a1b2fa79bd4c274cbe3bd49ea85b1b77104cef47d0
generated: "2026-08-08T23:38:44.9382665+03:00"
