dependencies:
- name: prometheus-bundle
  repository: ""
  version: 0.2.0
- name: k8s-bundle
  repository: ""
  version: 0.3.0
- name: telegram-bundle
  repository: ""
  version: 0.4.0
digest: sha256:0d863ff63f54890a2a9cc3816ff9b2c6560230e5c07090c49bd8260f780a9eab
generated: "2026-08-14T23:28:34.3048625+03:00"
