dependencies:
- name: prometheus
  repository: ""
  version: 0.2.0
- name: kubernetes
  repository: ""
  version: 0.3.1
- name: telegram
  repository: ""
  version: 0.4.0
- name: home-assistant
  repository: ""
  version: 0.1.1
- name: claude
  repository: ""
  version: 0.1.0
- name: ollama
  repository: ""
  version: 0.1.0
- name: copilot
  repository: ""
  version: 0.1.0
digest: sha256:e06cc6550dc14da57cbec5f7a67da3c5f1e92804945b0d92c37ce2efb8aa791f
generated: "2026-08-28T00:04:56.712704344+03:00"
